// !$*UTF8*$!
{
	archiveVersion = 1;
	classes = {
	};
	objectVersion = 46;
	objects = {

/* Begin PBXBuildFile section */
		EF617CF51B4B412200D3D846 /* AppDelegate.swift in Sources */ = {isa = PBXBuildFile; fileRef = EF617CF41B4B412200D3D846 /* AppDelegate.swift */; };
		EF617CF71B4B412200D3D846 /* ViewController.swift in Sources */ = {isa = PBXBuildFile; fileRef = EF617CF61B4B412200D3D846 /* ViewController.swift */; };
		EF617CFA1B4B412200D3D846 /* Main.storyboard in Resources */ = {isa = PBXBuildFile; fileRef = EF617CF81B4B412200D3D846 /* Main.storyboard */; };
		EF617CFC1B4B412200D3D846 /* Images.xcassets in Resources */ = {isa = PBXBuildFile; fileRef = EF617CFB1B4B412200D3D846 /* Images.xcassets */; };
		EF617CFF1B4B412200D3D846 /* LaunchScreen.xib in Resources */ = {isa = PBXBuildFile; fileRef = EF617CFD1B4B412200D3D846 /* LaunchScreen.xib */; };
		EF617D0B1B4B412200D3D846 /* Lesson_on_Delegation_and_ProtocolsTests.swift in Sources */ = {isa = PBXBuildFile; fileRef = EF617D0A1B4B412200D3D846 /* Lesson_on_Delegation_and_ProtocolsTests.swift */; };
/* End PBXBuildFile section */

/* Begin PBXContainerItemProxy section */
		EF617D051B4B412200D3D846 /* PBXContainerItemProxy */ = {
			isa = PBXContainerItemProxy;
			containerPortal = EF617CE71B4B412200D3D846 /* Project object */;
			proxyType = 1;
			remoteGlobalIDString = EF617CEE1B4B412200D3D846;
			remoteInfo = "Lesson on Delegation and Protocols";
		};
/* End PBXContainerItemProxy section */

/* Begin PBXFileReference section */
		EF617CEF1B4B412200D3D846 /* Lesson on Delegation and Protocols.app */ = {isa = PBXFileReference; explicitFileType = wrapper.application; includeInIndex = 0; path = "Lesson on Delegation and Protocols.app"; sourceTree = BUILT_PRODUCTS_DIR; };
		EF617CF31B4B412200D3D846 /* Info.plist */ = {isa = PBXFileReference; lastKnownFileType = text.plist.xml; path = Info.plist; sourceTree = "<group>"; };
		EF617CF41B4B412200D3D846 /* AppDelegate.swift */ = {isa = PBXFileReference; lastKnownFileType = sourcecode.swift; path = AppDelegate.swift; sourceTree = "<group>"; };
		EF617CF61B4B412200D3D846 /* ViewController.swift */ = {isa = PBXFileReference; lastKnownFileType = sourcecode.swift; path = ViewController.swift; sourceTree = "<group>"; };
		EF617CF91B4B412200D3D846 /* Base */ = {isa = PBXFileReference; lastKnownFileType = file.storyboard; name = Base; path = Base.lproj/Main.storyboard; sourceTree = "<group>"; };
		EF617CFB1B4B412200D3D846 /* Images.xcassets */ = {isa = PBXFileReference; lastKnownFileType = folder.assetcatalog; path = Images.xcassets; sourceTree = "<group>"; };
		EF617CFE1B4B412200D3D846 /* Base */ = {isa = PBXFileReference; lastKnownFileType = file.xib; name = Base; path = Base.lproj/LaunchScreen.xib; sourceTree = "<group>"; };
		EF617D041B4B412200D3D846 /* Lesson on Delegation and ProtocolsTests.xctest */ = {isa = PBXFileReference; explicitFileType = wrapper.cfbundle; includeInIndex = 0; path = "Lesson on Delegation and ProtocolsTests.xctest"; sourceTree = BUILT_PRODUCTS_DIR; };
		EF617D091B4B412200D3D846 /* Info.plist */ = {isa = PBXFileReference; lastKnownFileType = text.plist.xml; path = Info.plist; sourceTree = "<group>"; };
		EF617D0A1B4B412200D3D846 /* Lesson_on_Delegation_and_ProtocolsTests.swift */ = {isa = PBXFileReference; lastKnownFileType = sourcecode.swift; path = Lesson_on_Delegation_and_ProtocolsTests.swift; sourceTree = "<group>"; };
/* End PBXFileReference section */

/* Begin PBXFrameworksBuildPhase section */
		EF617CEC1B4B412200D3D846 /* Frameworks */ = {
			isa = PBXFrameworksBuildPhase;
			buildActionMask = 2147483647;
			files = (
			);
			runOnlyForDeploymentPostprocessing = 0;
		};
		EF617D011B4B412200D3D846 /* Frameworks */ = {
			isa = PBXFrameworksBuildPhase;
			buildActionMask = 2147483647;
			files = (
			);
			runOnlyForDeploymentPostprocessing = 0;
		};
/* End PBXFrameworksBuildPhase section */

/* Begin PBXGroup section */
		EF617CE61B4B412200D3D846 = {
			isa = PBXGroup;
			children = (
				EF617CF11B4B412200D3D846 /* Lesson on Delegation and Protocols */,
				EF617D071B4B412200D3D846 /* Lesson on Delegation and ProtocolsTests */,
				EF617CF01B4B412200D3D846 /* Products */,
			);
			sourceTree = "<group>";
		};
		EF617CF01B4B412200D3D846 /* Products */ = {
			isa = PBXGroup;
			children = (
				EF617CEF1B4B412200D3D846 /* Lesson on Delegation and Protocols.app */,
				EF617D041B4B412200D3D846 /* Lesson on Delegation and ProtocolsTests.xctest */,
			);
			name = Products;
			sourceTree = "<group>";
		};
		EF617CF11B4B412200D3D846 /* Lesson on Delegation and Protocols */ = {
			isa = PBXGroup;
			children = (
				EF617CF41B4B412200D3D846 /* AppDelegate.swift */,
				EF617CF61B4B412200D3D846 /* ViewController.swift */,
				EF617CF81B4B412200D3D846 /* Main.storyboard */,
				EF617CFB1B4B412200D3D846 /* Images.xcassets */,
				EF617CFD1B4B412200D3D846 /* LaunchScreen.xib */,
				EF617CF21B4B412200D3D846 /* Supporting Files */,
			);
			path = "Lesson on Delegation and Protocols";
			sourceTree = "<group>";
		};
		EF617CF21B4B412200D3D846 /* Supporting Files */ = {
			isa = PBXGroup;
			children = (
				EF617CF31B4B412200D3D846 /* Info.plist */,
			);
			name = "Supporting Files";
			sourceTree = "<group>";
		};
		EF617D071B4B412200D3D846 /* Lesson on Delegation and ProtocolsTests */ = {
			isa = PBXGroup;
			children = (
				EF617D0A1B4B412200D3D846 /* Lesson_on_Delegation_and_ProtocolsTests.swift */,
				EF617D081B4B412200D3D846 /* Supporting Files */,
			);
			path = "Lesson on Delegation and ProtocolsTests";
			sourceTree = "<group>";
		};
		EF617D081B4B412200D3D846 /* Supporting Files */ = {
			isa = PBXGroup;
			children = (
				EF617D091B4B412200D3D846 /* Info.plist */,
			);
			name = "Supporting Files";
			sourceTree = "<group>";
		};
/* End PBXGroup section */

/* Begin PBXNativeTarget section */
		EF617CEE1B4B412200D3D846 /* Lesson on Delegation and Protocols */ = {
			isa = PBXNativeTarget;
			buildConfigurationList = EF617D0E1B4B412200D3D846 /* Build configuration list for PBXNativeTarget "Lesson on Delegation and Protocols" */;
			buildPhases = (
				EF617CEB1B4B412200D3D846 /* Sources */,
				EF617CEC1B4B412200D3D846 /* Frameworks */,
				EF617CED1B4B412200D3D846 /* Resources */,
			);
			buildRules = (
			);
			dependencies = (
			);
			name = "Lesson on Delegation and Protocols";
			productName = "Lesson on Delegation and Protocols";
			productReference = EF617CEF1B4B412200D3D846 /* Lesson on Delegation and Protocols.app */;
			productType = "com.apple.product-type.application";
		};
		EF617D031B4B412200D3D846 /* Lesson on Delegation and ProtocolsTests */ = {
			isa = PBXNativeTarget;
			buildConfigurationList = EF617D111B4B412200D3D846 /* Build configuration list for PBXNativeTarget "Lesson on Delegation and ProtocolsTests" */;
			buildPhases = (
				EF617D001B4B412200D3D846 /* Sources */,
				EF617D011B4B412200D3D846 /* Frameworks */,
				EF617D021B4B412200D3D846 /* Resources */,
			);
			buildRules = (
			);
			dependencies = (
				EF617D061B4B412200D3D846 /* PBXTargetDependency */,
			);
			name = "Lesson on Delegation and ProtocolsTests";
			productName = "Lesson on Delegation and ProtocolsTests";
			productReference = EF617D041B4B412200D3D846 /* Lesson on Delegation and ProtocolsTests.xctest */;
			productType = "com.apple.product-type.bundle.unit-test";
		};
/* End PBXNativeTarget section */

/* Begin PBXProject section */
		EF617CE71B4B412200D3D846 /* Project object */ = {
			isa = PBXProject;
			attributes = {
				LastUpgradeCheck = 0630;
				ORGANIZATIONNAME = "Ayan Islam";
				TargetAttributes = {
					EF617CEE1B4B412200D3D846 = {
						CreatedOnToolsVersion = 6.3.2;
					};
					EF617D031B4B412200D3D846 = {
						CreatedOnToolsVersion = 6.3.2;
						TestTargetID = EF617CEE1B4B412200D3D846;
					};
				};
			};
			buildConfigurationList = EF617CEA1B4B412200D3D846 /* Build configuration list for PBXProject "Lesson on Delegation and Protocols" */;
			compatibilityVersion = "Xcode 3.2";
			developmentRegion = English;
			hasScannedForEncodings = 0;
			knownRegions = (
				en,
				Base,
			);
			mainGroup = EF617CE61B4B412200D3D846;
			productRefGroup = EF617CF01B4B412200D3D846 /* Products */;
			projectDirPath = "";
			projectRoot = "";
			targets = (
				EF617CEE1B4B412200D3D846 /* Lesson on Delegation and Protocols */,
				EF617D031B4B412200D3D846 /* Lesson on Delegation and ProtocolsTests */,
			);
		};
/* End PBXProject section */

/* Begin PBXResourcesBuildPhase section */
		EF617CED1B4B412200D3D846 /* Resources */ = {
			isa = PBXResourcesBuildPhase;
			buildActionMask = 2147483647;
			files = (
				EF617CFA1B4B412200D3D846 /* Main.storyboard in Resources */,
				EF617CFF1B4B412200D3D846 /* LaunchScreen.xib in Resources */,
				EF617CFC1B4B412200D3D846 /* Images.xcassets in Resources */,
			);
			runOnlyForDeploymentPostprocessing = 0;
		};
		EF617D021B4B412200D3D846 /* Resources */ = {
			isa = PBXResourcesBuildPhase;
			buildActionMask = 2147483647;
			files = (
			);
			runOnlyForDeploymentPostprocessing = 0;
		};
/* End PBXResourcesBuildPhase section */

/* Begin PBXSourcesBuildPhase section */
		EF617CEB1B4B412200D3D846 /* Sources */ = {
			isa = PBXSourcesBuildPhase;
			buildActionMask = 2147483647;
			files = (
				EF617CF71B4B412200D3D846 /* ViewController.swift in Sources */,
				EF617CF51B4B412200D3D846 /* AppDelegate.swift in Sources */,
			);
			runOnlyForDeploymentPostprocessing = 0;
		};
		EF617D001B4B412200D3D846 /* Sources */ = {
			isa = PBXSourcesBuildPhase;
			buildActionMask = 2147483647;
			files = (
				EF617D0B1B4B412200D3D846 /* Lesson_on_Delegation_and_ProtocolsTests.swift in Sources */,
			);
			runOnlyForDeploymentPostprocessing = 0;
		};
/* End PBXSourcesBuildPhase section */

/* Begin PBXTargetDependency section */
		EF617D061B4B412200D3D846 /* PBXTargetDependency */ = {
			isa = PBXTargetDependency;
			target = EF617CEE1B4B412200D3D846 /* Lesson on Delegation and Protocols */;
			targetProxy = EF617D051B4B412200D3D846 /* PBXContainerItemProxy */;
		};
/* End PBXTargetDependency section */

/* Begin PBXVariantGroup section */
		EF617CF81B4B412200D3D846 /* Main.storyboard */ = {
			isa = PBXVariantGroup;
			children = (
				EF617CF91B4B412200D3D846 /* Base */,
			);
			name = Main.storyboard;
			sourceTree = "<group>";
		};
		EF617CFD1B4B412200D3D846 /* LaunchScreen.xib */ = {
			isa = PBXVariantGroup;
			children = (
				EF617CFE1B4B412200D3D846 /* Base */,
			);
			name = LaunchScreen.xib;
			sourceTree = "<group>";
		};
/* End PBXVariantGroup section */

/* Begin XCBuildConfiguration section */
		EF617D0C1B4B412200D3D846 /* Debug */ = {
			isa = XCBuildConfiguration;
			buildSettings = {
				ALWAYS_SEARCH_USER_PATHS = NO;
				CLANG_CXX_LANGUAGE_STANDARD = "gnu++0x";
				CLANG_CXX_LIBRARY = "libc++";
				CLANG_ENABLE_MODULES = YES;
				CLANG_ENABLE_OBJC_ARC = YES;
				CLANG_WARN_BOOL_CONVERSION = YES;
				CLANG_WARN_CONSTANT_CONVERSION = YES;
				CLANG_WARN_DIRECT_OBJC_ISA_USAGE = YES_ERROR;
				CLANG_WARN_EMPTY_BODY = YES;
				CLANG_WARN_ENUM_CONVERSION = YES;
				CLANG_WARN_INT_CONVERSION = YES;
				CLANG_WARN_OBJC_ROOT_CLASS = YES_ERROR;
				CLANG_WARN_UNREACHABLE_CODE = YES;
				CLANG_WARN__DUPLICATE_METHOD_MATCH = YES;
				"CODE_SIGN_IDENTITY[sdk=iphoneos*]" = "iPhone Developer";
				COPY_PHASE_STRIP = NO;
				DEBUG_INFORMATION_FORMAT = "dwarf-with-dsym";
				ENABLE_STRICT_OBJC_MSGSEND = YES;
				GCC_C_LANGUAGE_STANDARD = gnu99;
				GCC_DYNAMIC_NO_PIC = NO;
				GCC_NO_COMMON_BLOCKS = YES;
				GCC_OPTIMIZATION_LEVEL = 0;
				GCC_PREPROCESSOR_DEFINITIONS = (
					"DEBUG=1",
					"$(inherited)",
				);
				GCC_SYMBOLS_PRIVATE_EXTERN = NO;
				GCC_WARN_64_TO_32_BIT_CONVERSION = YES;
				GCC_WARN_ABOUT_RETURN_TYPE = YES_ERROR;
				GCC_WARN_UNDECLARED_SELECTOR = YES;
				GCC_WARN_UNINITIALIZED_AUTOS = YES_AGGRESSIVE;
				GCC_WARN_UNUSED_FUNCTION = YES;
				GCC_WARN_UNUSED_VARIABLE = YES;
				IPHONEOS_DEPLOYMENT_TARGET = 8.3;
				MTL_ENABLE_DEBUG_INFO = YES;
				ONLY_ACTIVE_ARCH = YES;
				SDKROOT = iphoneos;
				SWIFT_OPTIMIZATION_LEVEL = "-Onone";
			};
			name = Debug;
		};
		EF617D0D1B4B412200D3D846 /* Release */ = {
			isa = XCBuildConfiguration;
			buildSettings = {
				ALWAYS_SEARCH_USER_PATHS = NO;
				CLANG_CXX_LANGUAGE_STANDARD = "gnu++0x";
				CLANG_CXX_LIBRARY = "libc++";
				CLANG_ENABLE_MODULES = YES;
				CLANG_ENABLE_OBJC_ARC = YES;
				CLANG_WARN_BOOL_CONVERSION = YES;
				CLANG_WARN_CONSTANT_CONVERSION = YES;
				CLANG_WARN_DIRECT_OBJC_ISA_USAGE = YES_ERROR;
				CLANG_WARN_EMPTY_BODY = YES;
				CLANG_WARN_ENUM_CONVERSION = YES;
				CLANG_WARN_INT_CONVERSION = YES;
				CLANG_WARN_OBJC_ROOT_CLASS = YES_ERROR;
				CLANG_WARN_UNREACHABLE_CODE = YES;
				CLANG_WARN__DUPLICATE_METHOD_MATCH = YES;
				"CODE_SIGN_IDENTITY[sdk=iphoneos*]" = "iPhone Developer";
				COPY_PHASE_STRIP = NO;
				DEBUG_INFORMATION_FORMAT = "dwarf-with-dsym";
				ENABLE_NS_ASSERTIONS = NO;
				ENABLE_STRICT_OBJC_MSGSEND = YES;
				GCC_C_LANGUAGE_STANDARD = gnu99;
				GCC_NO_COMMON_BLOCKS = YES;
				GCC_WARN_64_TO_32_BIT_CONVERSION = YES;
				GCC_WARN_ABOUT_RETURN_TYPE = YES_ERROR;
				GCC_WARN_UNDECLARED_SELECTOR = YES;
				GCC_WARN_UNINITIALIZED_AUTOS = YES_AGGRESSIVE;
				GCC_WARN_UNUSED_FUNCTION = YES;
				GCC_WARN_UNUSED_VARIABLE = YES;
				IPHONEOS_DEPLOYMENT_TARGET = 8.3;
				MTL_ENABLE_DEBUG_INFO = NO;
				SDKROOT = iphoneos;
				VALIDATE_PRODUCT = YES;
			};
			name = Release;
		};
		EF617D0F1B4B412200D3D846 /* Debug */ = {
			isa = XCBuildConfiguration;
			buildSettings = {
				ASSETCATALOG_COMPILER_APPICON_NAME = AppIcon;
				INFOPLIST_FILE = "Lesson on Delegation and Protocols/Info.plist";
				LD_RUNPATH_SEARCH_PATHS = "$(inherited) @executable_path/Frameworks";
				PRODUCT_NAME = "$(TARGET_NAME)";
			};
			name = Debug;
		};
		EF617D101B4B412200D3D846 /* Release */ = {
			isa = XCBuildConfiguration;
			buildSettings = {
				ASSETCATALOG_COMPILER_APPICON_NAME = AppIcon;
				INFOPLIST_FILE = "Lesson on Delegation and Protocols/Info.plist";
				LD_RUNPATH_SEARCH_PATHS = "$(inherited) @executable_path/Frameworks";
				PRODUCT_NAME = "$(TARGET_NAME)";
			};
			name = Release;
		};
		EF617D121B4B412200D3D846 /* Debug */ = {
			isa = XCBuildConfiguration;
			buildSettings = {
				BUNDLE_LOADER = "$(TEST_HOST)";
				FRAMEWORK_SEARCH_PATHS = (
					"$(SDKROOT)/Developer/Library/Frameworks",
					"$(inherited)",
				);
				GCC_PREPROCESSOR_DEFINITIONS = (
					"DEBUG=1",
					"$(inherited)",
				);
				INFOPLIST_FILE = "Lesson on Delegation and ProtocolsTests/Info.plist";
				LD_RUNPATH_SEARCH_PATHS = "$(inherited) @executable_path/Frameworks @loader_path/Frameworks";
				PRODUCT_NAME = "$(TARGET_NAME)";
				TEST_HOST = "$(BUILT_PRODUCTS_DIR)/Lesson on Delegation and Protocols.app/Lesson on Delegation and Protocols";
			};
			name = Debug;
		};
		EF617D131B4B412200D3D846 /* Release */ = {
			isa = XCBuildConfiguration;
			buildSettings = {
				BUNDLE_LOADER = "$(TEST_HOST)";
				FRAMEWORK_SEARCH_PATHS = (
					"$(SDKROOT)/Developer/Library/Frameworks",
					"$(inherited)",
				);
				INFOPLIST_FILE = "Lesson on Delegation and ProtocolsTests/Info.plist";
				LD_RUNPATH_SEARCH_PATHS = "$(inherited) @executable_path/Frameworks @loader_path/Frameworks";
				PRODUCT_NAME = "$(TARGET_NAME)";
				TEST_HOST = "$(BUILT_PRODUCTS_DIR)/Lesson on Delegation and Protocols.app/Lesson on Delegation and Protocols";
			};
			name = Release;
		};
/* End XCBuildConfiguration section */

/* Begin XCConfigurationList section */
		EF617CEA1B4B412200D3D846 /* Build configuration list for PBXProject "Lesson on Delegation and Protocols" */ = {
			isa = XCConfigurationList;
			buildConfigurations = (
				EF617D0C1B4B412200D3D846 /* Debug */,
				EF617D0D1B4B412200D3D846 /* Release */,
			);
			defaultConfigurationIsVisible = 0;
			defaultConfigurationName = Release;
		};
		EF617D0E1B4B412200D3D846 /* Build configuration list for PBXNativeTarget "Lesson on Delegation and Protocols" */ = {
			isa = XCConfigurationList;
			buildConfigurations = (
				EF617D0F1B4B412200D3D846 /* Debug */,
				EF617D101B4B412200D3D846 /* Release */,
			);
			defaultConfigurationIsVisible = 0;
		};
		EF617D111B4B412200D3D846 /* Build configuration list for PBXNativeTarget "Lesson on Delegation and ProtocolsTests" */ = {
			isa = XCConfigurationList;
			buildConfigurations = (
				EF617D121B4B412200D3D846 /* Debug */,
				EF617D131B4B412200D3D846 /* Release */,
			);
			defaultConfigurationIsVisible = 0;
		};
/* End XCConfigurationList section */
	};
	rootObject = EF617CE71B4B412200D3D846 /* Project object */;
}
